
Microsoft Visual Studio Solution File, Format Version 12.00
# Visual Studio Version 16
VisualStudioVersion = 16.0.31424.327
MinimumVisualStudioVersion = 10.0.40219.1
Project("{9A19103F-16F7-4668-BE54-9A1E7A4F7556}") = "BOOP_05_01", "BOOP_05_01\BOOP_05_01.csproj", "{589B8AEA-0D30-451E-B6E2-B57B2D93EE1D}"
EndProject
Project("{9A19103F-16F7-4668-BE54-9A1E7A4F7556}") = "BOOP_05_02", "BOOP_05_02\BOOP_05_02.csproj", "{FBD4D85B-67D1-46F7-BDEB-7442EA65D002}"
EndProject
Project("{9A19103F-16F7-4668-BE54-9A1E7A4F7556}") = "BOOP_05_03", "BOOP_05_03\BOOP_05_03.csproj", "{E9F2895E-8407-4982-B169-A38107969BE9}"
EndProject
Project("{9A19103F-16F7-4668-BE54-9A1E7A4F7556}") = "BOOP_05_04", "BOOP_05_04\BOOP_05_04.csproj", "{FD09A7D2-F864-4EE0-AF07-FED3499C937A}"
EndProject
Project("{9A19103F-16F7-4668-BE54-9A1E7A4F7556}") = "BOOP_05_05", "BOOP_05_05\BOOP_05_05.csproj", "{B503340A-56E4-4D84-8A39-F061304C600B}"
EndProject
Project("{9A19103F-16F7-4668-BE54-9A1E7A4F7556}") = "BOOP_05_06", "BOOP_05_06\BOOP_05_06.csproj", "{E9829B9D-28FE-4CCE-A34C-0F279AC4652C}"
EndProject
Project("{FAE04EC0-301F-11D3-BF4B-00C04F79EFBC}") = "BOOP_05_07", "BOOP_05_07\BOOP_05_07.csproj", "{DA979D5E-0DE8-404C-8BB9-AE4741A64AD2}"
EndProject
Project("{FAE04EC0-301F-11D3-BF4B-00C04F79EFBC}") = "BOOP_05_08", "BOOP_05_08\BOOP_05_08.csproj", "{CCB65262-8429-41F5-BD87-3EB9D57EBB53}"
EndProject
Global
	GlobalSection(SolutionConfigurationPlatforms) = preSolution
		Debug|Any CPU = Debug|Any CPU
		Release|Any CPU = Release|Any CPU
	EndGlobalSection
	GlobalSection(ProjectConfigurationPlatforms) = postSolution
		{589B8AEA-0D30-451E-B6E2-B57B2D93EE1D}.Debug|Any CPU.ActiveCfg = Debug|Any CPU
		{589B8AEA-0D30-451E-B6E2-B57B2D93EE1D}.Debug|Any CPU.Build.0 = Debug|Any CPU
		{589B8AEA-0D30-451E-B6E2-B57B2D93EE1D}.Release|Any CPU.ActiveCfg = Release|Any CPU
		{589B8AEA-0D30-451E-B6E2-B57B2D93EE1D}.Release|Any CPU.Build.0 = Release|Any CPU
		{FBD4D85B-67D1-46F7-BDEB-7442EA65D002}.Debug|Any CPU.ActiveCfg = Debug|Any CPU
		{FBD4D85B-67D1-46F7-BDEB-7442EA65D002}.Debug|Any CPU.Build.0 = Debug|Any CPU
		{FBD4D85B-67D1-46F7-BDEB-7442EA65D002}.Release|Any CPU.ActiveCfg = Release|Any CPU
		{FBD4D85B-67D1-46F7-BDEB-7442EA65D002}.Release|Any CPU.Build.0 = Release|Any CPU
		{E9F2895E-8407-4982-B169-A38107969BE9}.Debug|Any CPU.ActiveCfg = Debug|Any CPU
		{E9F2895E-8407-4982-B169-A38107969BE9}.Debug|Any CPU.Build.0 = Debug|Any CPU
		{E9F2895E-8407-4982-B169-A38107969BE9}.Release|Any CPU.ActiveCfg = Release|Any CPU
		{E9F2895E-8407-4982-B169-A38107969BE9}.Release|Any CPU.Build.0 = Release|Any CPU
		{FD09A7D2-F864-4EE0-AF07-FED3499C937A}.Debug|Any CPU.ActiveCfg = Debug|Any CPU
		{FD09A7D2-F864-4EE0-AF07-FED3499C937A}.Debug|Any CPU.Build.0 = Debug|Any CPU
		{FD09A7D2-F864-4EE0-AF07-FED3499C937A}.Release|Any CPU.ActiveCfg = Release|Any CPU
		{FD09A7D2-F864-4EE0-AF07-FED3499C937A}.Release|Any CPU.Build.0 = Release|Any CPU
		{B503340A-56E4-4D84-8A39-F061304C600B}.Debug|Any CPU.ActiveCfg = Debug|Any CPU
		{B503340A-56E4-4D84-8A39-F061304C600B}.Debug|Any CPU.Build.0 = Debug|Any CPU
		{B503340A-56E4-4D84-8A39-F061304C600B}.Release|Any CPU.ActiveCfg = Release|Any CPU
		{B503340A-56E4-4D84-8A39-F061304C600B}.Release|Any CPU.Build.0 = Release|Any CPU
		{E9829B9D-28FE-4CCE-A34C-0F279AC4652C}.Debug|Any CPU.ActiveCfg = Debug|Any CPU
		{E9829B9D-28FE-4CCE-A34C-0F279AC4652C}.Debug|Any CPU.Build.0 = Debug|Any CPU
		{E9829B9D-28FE-4CCE-A34C-0F279AC4652C}.Release|Any CPU.ActiveCfg = Release|Any CPU
		{E9829B9D-28FE-4CCE-A34C-0F279AC4652C}.Release|Any CPU.Build.0 = Release|Any CPU
		{DA979D5E-0DE8-404C-8BB9-AE4741A64AD2}.Debug|Any CPU.ActiveCfg = Debug|Any CPU
		{DA979D5E-0DE8-404C-8BB9-AE4741A64AD2}.Debug|Any CPU.Build.0 = Debug|Any CPU
		{DA979D5E-0DE8-404C-8BB9-AE4741A64AD2}.Release|Any CPU.ActiveCfg = Release|Any CPU
		{DA979D5E-0DE8-404C-8BB9-AE4741A64AD2}.Release|Any CPU.Build.0 = Release|Any CPU
		{CCB65262-8429-41F5-BD87-3EB9D57EBB53}.Debug|Any CPU.ActiveCfg = Debug|Any CPU
		{CCB65262-8429-41F5-BD87-3EB9D57EBB53}.Debug|Any CPU.Build.0 = Debug|Any CPU
		{CCB65262-8429-41F5-BD87-3EB9D57EBB53}.Release|Any CPU.ActiveCfg = Release|Any CPU
		{CCB65262-8429-41F5-BD87-3EB9D57EBB53}.Release|Any CPU.Build.0 = Release|Any CPU
	EndGlobalSection
	GlobalSection(SolutionProperties) = preSolution
		HideSolutionNode = FALSE
	EndGlobalSection
	GlobalSection(ExtensibilityGlobals) = postSolution
		SolutionGuid = {C1A2F892-66CF-4BDC-BF3F-849925323684}
	EndGlobalSection
EndGlobal
